
Microsoft Visual Studio Solution File, Format Version 12.00
# Visual Studio Version 17
VisualStudioVersion = 17.12.35707.178 d17.12
MinimumVisualStudioVersion = 10.0.40219.1
Project("{FAE04EC0-301F-11D3-BF4B-00C04F79EFBC}") = "Module3AnimalKingdomVER2", "Module3AnimalKingdomVER2\Module3AnimalKingdomVER2.csproj", "{2EEEC5EA-17C1-4A65-A1B6-317AB5D8FE49}"
EndProject
Project("{FAE04EC0-301F-11D3-BF4B-00C04F79EFBC}") = "AnimalTests", "AnimalTests\AnimalTests.csproj", "{BC486887-E1D6-4C6F-B069-C36A761E85B3}"
EndProject
Global
	GlobalSection(SolutionConfigurationPlatforms) = preSolution
		Debug|Any CPU = Debug|Any CPU
		Release|Any CPU = Release|Any CPU
	EndGlobalSection
	GlobalSection(ProjectConfigurationPlatforms) = postSolution
		{2EEEC5EA-17C1-4A65-A1B6-317AB5D8FE49}.Debug|Any CPU.ActiveCfg = Debug|Any CPU
		{2EEEC5EA-17C1-4A65-A1B6-317AB5D8FE49}.Debug|Any CPU.Build.0 = Debug|Any CPU
		{2EEEC5EA-17C1-4A65-A1B6-317AB5D8FE49}.Release|Any CPU.ActiveCfg = Release|Any CPU
		{2EEEC5EA-17C1-4A65-A1B6-317AB5D8FE49}.Release|Any CPU.Build.0 = Release|Any CPU
		{BC486887-E1D6-4C6F-B069-C36A761E85B3}.Debug|Any CPU.ActiveCfg = Debug|Any CPU
		{BC486887-E1D6-4C6F-B069-C36A761E85B3}.Debug|Any CPU.Build.0 = Debug|Any CPU
		{BC486887-E1D6-4C6F-B069-C36A761E85B3}.Release|Any CPU.ActiveCfg = Release|Any CPU
		{BC486887-E1D6-4C6F-B069-C36A761E85B3}.Release|Any CPU.Build.0 = Release|Any CPU
	EndGlobalSection
	GlobalSection(SolutionProperties) = preSolution
		HideSolutionNode = FALSE
	EndGlobalSection
EndGlobal
